
Microsoft Visual Studio Solution File, Format Version 12.00
# Visual Studio Version 17
VisualStudioVersion = 17.0.31903.59
MinimumVisualStudioVersion = 10.0.40219.1
Project("{2150E333-8FDC-42A3-9474-1A3956D46DE8}") = "src", "src", "{FC094176-5458-4F14-8187-55FB85087C4E}"
EndProject
Project("{2150E333-8FDC-42A3-9474-1A3956D46DE8}") = "Bootstrapper", "Bootstrapper", "{5438FFFD-88A5-48D5-BFDE-5D659980E10D}"
EndProject
Project("{FAE04EC0-301F-11D3-BF4B-00C04F79EFBC}") = "Fast.Bootstrapper", "src\Bootstrapper\Fast.Bootstrapper\Fast.Bootstrapper.csproj", "{5926214A-F5ED-4FE3-8444-574A90D254BB}"
EndProject
Project("{2150E333-8FDC-42A3-9474-1A3956D46DE8}") = "Drivers", "Drivers", "{E01678C8-BB1F-4763-B70E-EE0209F5216A}"
EndProject
Project("{FAE04EC0-301F-11D3-BF4B-00C04F79EFBC}") = "Fast.Drivers.Api", "src\Drivers\Fast.Drivers.Api\Fast.Drivers.Api.csproj", "{4BB93739-0E47-4ABC-A1F2-2F729055C416}"
EndProject
Project("{2150E333-8FDC-42A3-9474-1A3956D46DE8}") = "Pricings", "Pricings", "{4D3A88F8-9A08-4A26-94EC-72B88DB2E7E0}"
EndProject
Project("{FAE04EC0-301F-11D3-BF4B-00C04F79EFBC}") = "Fast.Pricings.Api", "src\Pricings\Fast.Pricings.Api\Fast.Pricings.Api.csproj", "{50ADCB9C-6186-433A-AA46-55B5DCFAE821}"
EndProject
Project("{2150E333-8FDC-42A3-9474-1A3956D46DE8}") = "Rides", "Rides", "{8978DBC0-7903-4D75-B2D3-26691BD63EB6}"
EndProject
Project("{FAE04EC0-301F-11D3-BF4B-00C04F79EFBC}") = "Fast.Rides.Api", "src\Rides\Fast.Rides.Api\Fast.Rides.Api.csproj", "{D06D42DF-A4D8-4483-89D8-30A83F73DCA2}"
EndProject
Project("{2150E333-8FDC-42A3-9474-1A3956D46DE8}") = "Shared", "Shared", "{645B287C-5EB6-459C-BB44-001C5997D7B3}"
EndProject
Project("{FAE04EC0-301F-11D3-BF4B-00C04F79EFBC}") = "Fast.Shared.Abstractions", "src\Shared\Fast.Shared.Abstractions\Fast.Shared.Abstractions.csproj", "{EC56CCAB-4728-4E8E-A0A4-2676B4AFA886}"
EndProject
Project("{FAE04EC0-301F-11D3-BF4B-00C04F79EFBC}") = "Fast.Shared.Infrastructure", "src\Shared\Fast.Shared.Infrastructure\Fast.Shared.Infrastructure.csproj", "{464111D2-BAC6-411C-8BCA-EA9F3C7F121A}"
EndProject
Project("{FAE04EC0-301F-11D3-BF4B-00C04F79EFBC}") = "Fast.Drivers.Application", "src\Drivers\Fast.Drivers.Application\Fast.Drivers.Application.csproj", "{F48088B3-B879-4377-B666-ECBF15B3066A}"
EndProject
Project("{FAE04EC0-301F-11D3-BF4B-00C04F79EFBC}") = "Fast.Drivers.DataAccess", "src\Drivers\Fast.Drivers.DataAccess\Fast.Drivers.DataAccess.csproj", "{77C86632-FAB6-43B3-8DB1-3A57FD955E7B}"
EndProject
Project("{FAE04EC0-301F-11D3-BF4B-00C04F79EFBC}") = "Fast.Pricings.Core", "src\Pricings\Fast.Pricings.Core\Fast.Pricings.Core.csproj", "{9F1DAF09-5D39-4D77-9CC1-EDA3E7483C9D}"
EndProject
Project("{FAE04EC0-301F-11D3-BF4B-00C04F79EFBC}") = "Fast.Rides.Application", "src\Rides\Fast.Rides.Application\Fast.Rides.Application.csproj", "{7FFCE287-9290-4521-994D-6C059902D51E}"
EndProject
Project("{FAE04EC0-301F-11D3-BF4B-00C04F79EFBC}") = "Fast.Rides.Infrastructure", "src\Rides\Fast.Rides.Infrastructure\Fast.Rides.Infrastructure.csproj", "{DB6288B5-470D-444F-BE80-5AFEDE9703DC}"
EndProject
Project("{FAE04EC0-301F-11D3-BF4B-00C04F79EFBC}") = "Fast.Rides.Domain", "src\Rides\Fast.Rides.Domain\Fast.Rides.Domain.csproj", "{291E1889-1765-4501-801E-DAFA15CEF3DE}"
EndProject
Project("{FAE04EC0-301F-11D3-BF4B-00C04F79EFBC}") = "Fast.Saga", "src\Saga\Fast.Saga\Fast.Saga.csproj", "{E97018F3-6717-4BF0-9AF6-4876464B2B93}"
EndProject
Project("{2150E333-8FDC-42A3-9474-1A3956D46DE8}") = "Saga", "Saga", "{A3039C45-394A-4024-A242-FF6B9D1A94CD}"
EndProject
Project("{2150E333-8FDC-42A3-9474-1A3956D46DE8}") = "Payments", "Payments", "{81926619-9FD4-4B87-97BF-41E5E22B36E1}"
EndProject
Project("{FAE04EC0-301F-11D3-BF4B-00C04F79EFBC}") = "Fast.Payments.Api", "src\Payments\Fast.Payments.Api\Fast.Payments.Api.csproj", "{943CE925-F181-4294-94A5-42EE75DD490A}"
EndProject
Project("{2150E333-8FDC-42A3-9474-1A3956D46DE8}") = "Gateway", "Gateway", "{D0B5DEEE-1051-4AF4-B1C3-764F5487803F}"
EndProject
Project("{FAE04EC0-301F-11D3-BF4B-00C04F79EFBC}") = "Fast.Gateway", "src\Gateway\Fast.Gateway\Fast.Gateway.csproj", "{253A4F5E-89C1-4F4D-8958-F12AF9B7DACF}"
EndProject
Project("{2150E333-8FDC-42A3-9474-1A3956D46DE8}") = "Services", "Services", "{83CD9CFA-7E6B-42AC-B5FF-6561A5F04B9A}"
EndProject
Project("{2150E333-8FDC-42A3-9474-1A3956D46DE8}") = "Drivers", "Drivers", "{3475B8EA-A56F-4EC7-B8AE-A4D3FC91CABF}"
EndProject
Project("{FAE04EC0-301F-11D3-BF4B-00C04F79EFBC}") = "Fast.Services.Drivers.Api", "src\Services\Drivers\Fast.Services.Drivers.Api\Fast.Services.Drivers.Api.csproj", "{742CFF09-A0ED-4EA4-AF98-FE647D061B12}"
EndProject
Project("{FAE04EC0-301F-11D3-BF4B-00C04F79EFBC}") = "Fast.Services.Drivers.Application", "src\Services\Drivers\Fast.Services.Drivers.Application\Fast.Services.Drivers.Application.csproj", "{588B8285-3D1B-432D-9AE4-98EDFD55EABC}"
EndProject
Project("{FAE04EC0-301F-11D3-BF4B-00C04F79EFBC}") = "Fast.Services.Drivers.DataAccess", "src\Services\Drivers\Fast.Services.Drivers.DataAccess\Fast.Services.Drivers.DataAccess.csproj", "{CA38A53A-F172-4942-AB04-6EBCAB890C61}"
EndProject
Project("{2150E333-8FDC-42A3-9474-1A3956D46DE8}") = "Modulith", "Modulith", "{21741241-D6DA-46BD-9A19-0CDD4DCE5A83}"
EndProject
Global
	GlobalSection(SolutionConfigurationPlatforms) = preSolution
		Debug|Any CPU = Debug|Any CPU
		Release|Any CPU = Release|Any CPU
	EndGlobalSection
	GlobalSection(SolutionProperties) = preSolution
		HideSolutionNode = FALSE
	EndGlobalSection
	GlobalSection(ProjectConfigurationPlatforms) = postSolution
		{5926214A-F5ED-4FE3-8444-574A90D254BB}.Debug|Any CPU.ActiveCfg = Debug|Any CPU
		{5926214A-F5ED-4FE3-8444-574A90D254BB}.Debug|Any CPU.Build.0 = Debug|Any CPU
		{5926214A-F5ED-4FE3-8444-574A90D254BB}.Release|Any CPU.ActiveCfg = Release|Any CPU
		{5926214A-F5ED-4FE3-8444-574A90D254BB}.Release|Any CPU.Build.0 = Release|Any CPU
		{4BB93739-0E47-4ABC-A1F2-2F729055C416}.Debug|Any CPU.ActiveCfg = Debug|Any CPU
		{4BB93739-0E47-4ABC-A1F2-2F729055C416}.Debug|Any CPU.Build.0 = Debug|Any CPU
		{4BB93739-0E47-4ABC-A1F2-2F729055C416}.Release|Any CPU.ActiveCfg = Release|Any CPU
		{4BB93739-0E47-4ABC-A1F2-2F729055C416}.Release|Any CPU.Build.0 = Release|Any CPU
		{50ADCB9C-6186-433A-AA46-55B5DCFAE821}.Debug|Any CPU.ActiveCfg = Debug|Any CPU
		{50ADCB9C-6186-433A-AA46-55B5DCFAE821}.Debug|Any CPU.Build.0 = Debug|Any CPU
		{50ADCB9C-6186-433A-AA46-55B5DCFAE821}.Release|Any CPU.ActiveCfg = Release|Any CPU
		{50ADCB9C-6186-433A-AA46-55B5DCFAE821}.Release|Any CPU.Build.0 = Release|Any CPU
		{D06D42DF-A4D8-4483-89D8-30A83F73DCA2}.Debug|Any CPU.ActiveCfg = Debug|Any CPU
		{D06D42DF-A4D8-4483-89D8-30A83F73DCA2}.Debug|Any CPU.Build.0 = Debug|Any CPU
		{D06D42DF-A4D8-4483-89D8-30A83F73DCA2}.Release|Any CPU.ActiveCfg = Release|Any CPU
		{D06D42DF-A4D8-4483-89D8-30A83F73DCA2}.Release|Any CPU.Build.0 = Release|Any CPU
		{EC56CCAB-4728-4E8E-A0A4-2676B4AFA886}.Debug|Any CPU.ActiveCfg = Debug|Any CPU
		{EC56CCAB-4728-4E8E-A0A4-2676B4AFA886}.Debug|Any CPU.Build.0 = Debug|Any CPU
		{EC56CCAB-4728-4E8E-A0A4-2676B4AFA886}.Release|Any CPU.ActiveCfg = Release|Any CPU
		{EC56CCAB-4728-4E8E-A0A4-2676B4AFA886}.Release|Any CPU.Build.0 = Release|Any CPU
		{464111D2-BAC6-411C-8BCA-EA9F3C7F121A}.Debug|Any CPU.ActiveCfg = Debug|Any CPU
		{464111D2-BAC6-411C-8BCA-EA9F3C7F121A}.Debug|Any CPU.Build.0 = Debug|Any CPU
		{464111D2-BAC6-411C-8BCA-EA9F3C7F121A}.Release|Any CPU.ActiveCfg = Release|Any CPU
		{464111D2-BAC6-411C-8BCA-EA9F3C7F121A}.Release|Any CPU.Build.0 = Release|Any CPU
		{F48088B3-B879-4377-B666-ECBF15B3066A}.Debug|Any CPU.ActiveCfg = Debug|Any CPU
		{F48088B3-B879-4377-B666-ECBF15B3066A}.Debug|Any CPU.Build.0 = Debug|Any CPU
		{F48088B3-B879-4377-B666-ECBF15B3066A}.Release|Any CPU.ActiveCfg = Release|Any CPU
		{F48088B3-B879-4377-B666-ECBF15B3066A}.Release|Any CPU.Build.0 = Release|Any CPU
		{77C86632-FAB6-43B3-8DB1-3A57FD955E7B}.Debug|Any CPU.ActiveCfg = Debug|Any CPU
		{77C86632-FAB6-43B3-8DB1-3A57FD955E7B}.Debug|Any CPU.Build.0 = Debug|Any CPU
		{77C86632-FAB6-43B3-8DB1-3A57FD955E7B}.Release|Any CPU.ActiveCfg = Release|Any CPU
		{77C86632-FAB6-43B3-8DB1-3A57FD955E7B}.Release|Any CPU.Build.0 = Release|Any CPU
		{9F1DAF09-5D39-4D77-9CC1-EDA3E7483C9D}.Debug|Any CPU.ActiveCfg = Debug|Any CPU
		{9F1DAF09-5D39-4D77-9CC1-EDA3E7483C9D}.Debug|Any CPU.Build.0 = Debug|Any CPU
		{9F1DAF09-5D39-4D77-9CC1-EDA3E7483C9D}.Release|Any CPU.ActiveCfg = Release|Any CPU
		{9F1DAF09-5D39-4D77-9CC1-EDA3E7483C9D}.Release|Any CPU.Build.0 = Release|Any CPU
		{7FFCE287-9290-4521-994D-6C059902D51E}.Debug|Any CPU.ActiveCfg = Debug|Any CPU
		{7FFCE287-9290-4521-994D-6C059902D51E}.Debug|Any CPU.Build.0 = Debug|Any CPU
		{7FFCE287-9290-4521-994D-6C059902D51E}.Release|Any CPU.ActiveCfg = Release|Any CPU
		{7FFCE287-9290-4521-994D-6C059902D51E}.Release|Any CPU.Build.0 = Release|Any CPU
		{DB6288B5-470D-444F-BE80-5AFEDE9703DC}.Debug|Any CPU.ActiveCfg = Debug|Any CPU
		{DB6288B5-470D-444F-BE80-5AFEDE9703DC}.Debug|Any CPU.Build.0 = Debug|Any CPU
		{DB6288B5-470D-444F-BE80-5AFEDE9703DC}.Release|Any CPU.ActiveCfg = Release|Any CPU
		{DB6288B5-470D-444F-BE80-5AFEDE9703DC}.Release|Any CPU.Build.0 = Release|Any CPU
		{291E1889-1765-4501-801E-DAFA15CEF3DE}.Debug|Any CPU.ActiveCfg = Debug|Any CPU
		{291E1889-1765-4501-801E-DAFA15CEF3DE}.Debug|Any CPU.Build.0 = Debug|Any CPU
		{291E1889-1765-4501-801E-DAFA15CEF3DE}.Release|Any CPU.ActiveCfg = Release|Any CPU
		{291E1889-1765-4501-801E-DAFA15CEF3DE}.Release|Any CPU.Build.0 = Release|Any CPU
		{E97018F3-6717-4BF0-9AF6-4876464B2B93}.Debug|Any CPU.ActiveCfg = Debug|Any CPU
		{E97018F3-6717-4BF0-9AF6-4876464B2B93}.Debug|Any CPU.Build.0 = Debug|Any CPU
		{E97018F3-6717-4BF0-9AF6-4876464B2B93}.Release|Any CPU.ActiveCfg = Release|Any CPU
		{E97018F3-6717-4BF0-9AF6-4876464B2B93}.Release|Any CPU.Build.0 = Release|Any CPU
		{943CE925-F181-4294-94A5-42EE75DD490A}.Debug|Any CPU.ActiveCfg = Debug|Any CPU
		{943CE925-F181-4294-94A5-42EE75DD490A}.Debug|Any CPU.Build.0 = Debug|Any CPU
		{943CE925-F181-4294-94A5-42EE75DD490A}.Release|Any CPU.ActiveCfg = Release|Any CPU
		{943CE925-F181-4294-94A5-42EE75DD490A}.Release|Any CPU.Build.0 = Release|Any CPU
		{253A4F5E-89C1-4F4D-8958-F12AF9B7DACF}.Debug|Any CPU.ActiveCfg = Debug|Any CPU
		{253A4F5E-89C1-4F4D-8958-F12AF9B7DACF}.Debug|Any CPU.Build.0 = Debug|Any CPU
		{253A4F5E-89C1-4F4D-8958-F12AF9B7DACF}.Release|Any CPU.ActiveCfg = Release|Any CPU
		{253A4F5E-89C1-4F4D-8958-F12AF9B7DACF}.Release|Any CPU.Build.0 = Release|Any CPU
		{742CFF09-A0ED-4EA4-AF98-FE647D061B12}.Debug|Any CPU.ActiveCfg = Debug|Any CPU
		{742CFF09-A0ED-4EA4-AF98-FE647D061B12}.Debug|Any CPU.Build.0 = Debug|Any CPU
		{742CFF09-A0ED-4EA4-AF98-FE647D061B12}.Release|Any CPU.ActiveCfg = Release|Any CPU
		{742CFF09-A0ED-4EA4-AF98-FE647D061B12}.Release|Any CPU.Build.0 = Release|Any CPU
		{588B8285-3D1B-432D-9AE4-98EDFD55EABC}.Debug|Any CPU.ActiveCfg = Debug|Any CPU
		{588B8285-3D1B-432D-9AE4-98EDFD55EABC}.Debug|Any CPU.Build.0 = Debug|Any CPU
		{588B8285-3D1B-432D-9AE4-98EDFD55EABC}.Release|Any CPU.ActiveCfg = Release|Any CPU
		{588B8285-3D1B-432D-9AE4-98EDFD55EABC}.Release|Any CPU.Build.0 = Release|Any CPU
		{CA38A53A-F172-4942-AB04-6EBCAB890C61}.Debug|Any CPU.ActiveCfg = Debug|Any CPU
		{CA38A53A-F172-4942-AB04-6EBCAB890C61}.Debug|Any CPU.Build.0 = Debug|Any CPU
		{CA38A53A-F172-4942-AB04-6EBCAB890C61}.Release|Any CPU.ActiveCfg = Release|Any CPU
		{CA38A53A-F172-4942-AB04-6EBCAB890C61}.Release|Any CPU.Build.0 = Release|Any CPU
	EndGlobalSection
	GlobalSection(NestedProjects) = preSolution
		{5926214A-F5ED-4FE3-8444-574A90D254BB} = {5438FFFD-88A5-48D5-BFDE-5D659980E10D}
		{4BB93739-0E47-4ABC-A1F2-2F729055C416} = {E01678C8-BB1F-4763-B70E-EE0209F5216A}
		{50ADCB9C-6186-433A-AA46-55B5DCFAE821} = {4D3A88F8-9A08-4A26-94EC-72B88DB2E7E0}
		{D06D42DF-A4D8-4483-89D8-30A83F73DCA2} = {8978DBC0-7903-4D75-B2D3-26691BD63EB6}
		{645B287C-5EB6-459C-BB44-001C5997D7B3} = {FC094176-5458-4F14-8187-55FB85087C4E}
		{EC56CCAB-4728-4E8E-A0A4-2676B4AFA886} = {645B287C-5EB6-459C-BB44-001C5997D7B3}
		{464111D2-BAC6-411C-8BCA-EA9F3C7F121A} = {645B287C-5EB6-459C-BB44-001C5997D7B3}
		{F48088B3-B879-4377-B666-ECBF15B3066A} = {E01678C8-BB1F-4763-B70E-EE0209F5216A}
		{77C86632-FAB6-43B3-8DB1-3A57FD955E7B} = {E01678C8-BB1F-4763-B70E-EE0209F5216A}
		{9F1DAF09-5D39-4D77-9CC1-EDA3E7483C9D} = {4D3A88F8-9A08-4A26-94EC-72B88DB2E7E0}
		{7FFCE287-9290-4521-994D-6C059902D51E} = {8978DBC0-7903-4D75-B2D3-26691BD63EB6}
		{DB6288B5-470D-444F-BE80-5AFEDE9703DC} = {8978DBC0-7903-4D75-B2D3-26691BD63EB6}
		{291E1889-1765-4501-801E-DAFA15CEF3DE} = {8978DBC0-7903-4D75-B2D3-26691BD63EB6}
		{E97018F3-6717-4BF0-9AF6-4876464B2B93} = {A3039C45-394A-4024-A242-FF6B9D1A94CD}
		{943CE925-F181-4294-94A5-42EE75DD490A} = {81926619-9FD4-4B87-97BF-41E5E22B36E1}
		{D0B5DEEE-1051-4AF4-B1C3-764F5487803F} = {FC094176-5458-4F14-8187-55FB85087C4E}
		{253A4F5E-89C1-4F4D-8958-F12AF9B7DACF} = {D0B5DEEE-1051-4AF4-B1C3-764F5487803F}
		{83CD9CFA-7E6B-42AC-B5FF-6561A5F04B9A} = {FC094176-5458-4F14-8187-55FB85087C4E}
		{3475B8EA-A56F-4EC7-B8AE-A4D3FC91CABF} = {83CD9CFA-7E6B-42AC-B5FF-6561A5F04B9A}
		{742CFF09-A0ED-4EA4-AF98-FE647D061B12} = {3475B8EA-A56F-4EC7-B8AE-A4D3FC91CABF}
		{588B8285-3D1B-432D-9AE4-98EDFD55EABC} = {3475B8EA-A56F-4EC7-B8AE-A4D3FC91CABF}
		{CA38A53A-F172-4942-AB04-6EBCAB890C61} = {3475B8EA-A56F-4EC7-B8AE-A4D3FC91CABF}
		{21741241-D6DA-46BD-9A19-0CDD4DCE5A83} = {FC094176-5458-4F14-8187-55FB85087C4E}
		{5438FFFD-88A5-48D5-BFDE-5D659980E10D} = {21741241-D6DA-46BD-9A19-0CDD4DCE5A83}
		{E01678C8-BB1F-4763-B70E-EE0209F5216A} = {21741241-D6DA-46BD-9A19-0CDD4DCE5A83}
		{4D3A88F8-9A08-4A26-94EC-72B88DB2E7E0} = {21741241-D6DA-46BD-9A19-0CDD4DCE5A83}
		{81926619-9FD4-4B87-97BF-41E5E22B36E1} = {21741241-D6DA-46BD-9A19-0CDD4DCE5A83}
		{8978DBC0-7903-4D75-B2D3-26691BD63EB6} = {21741241-D6DA-46BD-9A19-0CDD4DCE5A83}
		{A3039C45-394A-4024-A242-FF6B9D1A94CD} = {21741241-D6DA-46BD-9A19-0CDD4DCE5A83}
	EndGlobalSection
EndGlobal
